# This file is automatically @generated by Cargo.
# It is not intended for manual editing.
version = 4

[[package]]
name = "arrays"
version = "0.1.0"

[[package]]
name = "backtracking"
version = "0.1.0"

[[package]]
name = "bit_manipulation"
version = "0.1.0"

[[package]]
name = "dynamic_programming"
version = "0.1.0"

[[package]]
name = "graphs"
version = "0.1.0"

[[package]]
name = "greedy"
version = "0.1.0"

[[package]]
name = "hash_maps"
version = "0.1.0"

[[package]]
name = "heaps"
version = "0.1.0"

[[package]]
name = "linked_lists"
version = "0.1.0"

[[package]]
name = "sorting"
version = "0.1.0"

[[package]]
name = "stacks_queues"
version = "0.1.0"

[[package]]
name = "strings"
version = "0.1.0"

[[package]]
name = "trees"
version = "0.1.0"

[[package]]
name = "tries"
version = "0.1.0"
